{
  "name": "nc-lib-gui",
  "version": "0.83.52",
  "lockfileVersion": 1,
  "requires": true,
  "dependencies": {
    "nocache": {
      "version": "3.0.1",
      "resolved": "https://registry.npmjs.org/nocache/-/nocache-3.0.1.tgz",
      "integrity": "sha512-Gh39xwJwBKy0OvFmWfBs/vDO4Nl7JhnJtkqNP76OUinQz7BiMoszHYrIDHHAaqVl/QKVxCEy4ZxC/XZninu7nQ=="
    }
  }
}
